
Microsoft Visual Studio Solution File, Format Version 12.00
# Visual Studio Version 17
VisualStudioVersion = 17.11.35312.102
MinimumVisualStudioVersion = 10.0.40219.1
Project("{FAE04EC0-301F-11D3-BF4B-00C04F79EFBC}") = "AgendaWindowsForms-EDD2", "AgendaWindowsForms-EDD2.csproj", "{3600D23F-B8FB-42EA-B25D-5E694F29FDA2}"
EndProject
Global
	GlobalSection(SolutionConfigurationPlatforms) = preSolution
		Debug|Any CPU = Debug|Any CPU
		Release|Any CPU = Release|Any CPU
	EndGlobalSection
	GlobalSection(ProjectConfigurationPlatforms) = postSolution
		{3600D23F-B8FB-42EA-B25D-5E694F29FDA2}.Debug|Any CPU.ActiveCfg = Debug|Any CPU
		{3600D23F-B8FB-42EA-B25D-5E694F29FDA2}.Debug|Any CPU.Build.0 = Debug|Any CPU
		{3600D23F-B8FB-42EA-B25D-5E694F29FDA2}.Release|Any CPU.ActiveCfg = Release|Any CPU
		{3600D23F-B8FB-42EA-B25D-5E694F29FDA2}.Release|Any CPU.Build.0 = Release|Any CPU
	EndGlobalSection
	GlobalSection(SolutionProperties) = preSolution
		HideSolutionNode = FALSE
	EndGlobalSection
	GlobalSection(ExtensibilityGlobals) = postSolution
		SolutionGuid = {F5A52926-A79D-4550-BCF9-39A9474B2065}
	EndGlobalSection
EndGlobal
